// !$*UTF8*$!
{
	archiveVersion = 1;
	classes = {
	};
	objectVersion = 51;
	objects = {

/* Begin PBXBuildFile section */
		98CE2CF8262B1751007DBB0E /* AppDelegate.swift in Sources */ = {isa = PBXBuildFile; fileRef = 98CE2CF7262B1751007DBB0E /* AppDelegate.swift */; };
		98CE2CFA262B1751007DBB0E /* SceneDelegate.swift in Sources */ = {isa = PBXBuildFile; fileRef = 98CE2CF9262B1751007DBB0E /* SceneDelegate.swift */; };
		98CE2CFC262B1751007DBB0E /* ViewController.swift in Sources */ = {isa = PBXBuildFile; fileRef = 98CE2CFB262B1751007DBB0E /* ViewController.swift */; };
		98CE2CFF262B1751007DBB0E /* Main.storyboard in Resources */ = {isa = PBXBuildFile; fileRef = 98CE2CFD262B1751007DBB0E /* Main.storyboard */; };
		98CE2D01262B1752007DBB0E /* Assets.xcassets in Resources */ = {isa = PBXBuildFile; fileRef = 98CE2D00262B1752007DBB0E /* Assets.xcassets */; };
		98CE2D04262B1752007DBB0E /* LaunchScreen.storyboard in Resources */ = {isa = PBXBuildFile; fileRef = 98CE2D02262B1752007DBB0E /* LaunchScreen.storyboard */; };
		98CE2D0C262B1B87007DBB0E /* RoundedShadowButton.swift in Sources */ = {isa = PBXBuildFile; fileRef = 98CE2D0B262B1B87007DBB0E /* RoundedShadowButton.swift */; };
		98CE2D10262B24F5007DBB0E /* searchViewController.swift in Sources */ = {isa = PBXBuildFile; fileRef = 98CE2D0F262B24F5007DBB0E /* searchViewController.swift */; };
		98CE2D13262B667F007DBB0E /* scanViewController.swift in Sources */ = {isa = PBXBuildFile; fileRef = 98CE2D12262B667F007DBB0E /* scanViewController.swift */; };
		98CE2D19262B6C75007DBB0E /* Resnet50.mlmodel in Sources */ = {isa = PBXBuildFile; fileRef = 98CE2D17262B6C3D007DBB0E /* Resnet50.mlmodel */; };
		98CE2D1A262B6F01007DBB0E /* Pods_senti_lytical.framework in Frameworks */ = {isa = PBXBuildFile; fileRef = 5DF939860257ADAA02F5D5DD /* Pods_senti_lytical.framework */; settings = {ATTRIBUTES = (Weak, ); }; };
		98CE2D1B262B6F01007DBB0E /* Pods_senti_lytical.framework in Embed Frameworks */ = {isa = PBXBuildFile; fileRef = 5DF939860257ADAA02F5D5DD /* Pods_senti_lytical.framework */; settings = {ATTRIBUTES = (CodeSignOnCopy, RemoveHeadersOnCopy, ); }; };
		98CE2D1E262B786F007DBB0E /* articleCell.swift in Sources */ = {isa = PBXBuildFile; fileRef = 98CE2D1D262B786F007DBB0E /* articleCell.swift */; };
/* End PBXBuildFile section */

/* Begin PBXCopyFilesBuildPhase section */
		98CE2D1C262B6F01007DBB0E /* Embed Frameworks */ = {
			isa = PBXCopyFilesBuildPhase;
			buildActionMask = 2147483647;
			dstPath = "";
			dstSubfolderSpec = 10;
			files = (
				98CE2D1B262B6F01007DBB0E /* Pods_senti_lytical.framework in Embed Frameworks */,
			);
			name = "Embed Frameworks";
			runOnlyForDeploymentPostprocessing = 0;
		};
/* End PBXCopyFilesBuildPhase section */

/* Begin PBXFileReference section */
		0DBF5784C8621901784B85E4 /* Pods-senti-lytical.debug.xcconfig */ = {isa = PBXFileReference; includeInIndex = 1; lastKnownFileType = text.xcconfig; name = "Pods-senti-lytical.debug.xcconfig"; path = "Target Support Files/Pods-senti-lytical/Pods-senti-lytical.debug.xcconfig"; sourceTree = "<group>"; };
		5DF939860257ADAA02F5D5DD /* Pods_senti_lytical.framework */ = {isa = PBXFileReference; explicitFileType = wrapper.framework; includeInIndex = 0; path = Pods_senti_lytical.framework; sourceTree = BUILT_PRODUCTS_DIR; };
		98CE2CF4262B1751007DBB0E /* senti-lytical.app */ = {isa = PBXFileReference; explicitFileType = wrapper.application; includeInIndex = 0; path = "senti-lytical.app"; sourceTree = BUILT_PRODUCTS_DIR; };
		98CE2CF7262B1751007DBB0E /* AppDelegate.swift */ = {isa = PBXFileReference; lastKnownFileType = sourcecode.swift; path = AppDelegate.swift; sourceTree = "<group>"; };
		98CE2CF9262B1751007DBB0E /* SceneDelegate.swift */ = {isa = PBXFileReference; lastKnownFileType = sourcecode.swift; path = SceneDelegate.swift; sourceTree = "<group>"; };
		98CE2CFB262B1751007DBB0E /* ViewController.swift */ = {isa = PBXFileReference; lastKnownFileType = sourcecode.swift; path = ViewController.swift; sourceTree = "<group>"; };
		98CE2CFE262B1751007DBB0E /* Base */ = {isa = PBXFileReference; lastKnownFileType = file.storyboard; name = Base; path = Base.lproj/Main.storyboard; sourceTree = "<group>"; };
		98CE2D00262B1752007DBB0E /* Assets.xcassets */ = {isa = PBXFileReference; lastKnownFileType = folder.assetcatalog; path = Assets.xcassets; sourceTree = "<group>"; };
		98CE2D03262B1752007DBB0E /* Base */ = {isa = PBXFileReference; lastKnownFileType = file.storyboard; name = Base; path = Base.lproj/LaunchScreen.storyboard; sourceTree = "<group>"; };
		98CE2D05262B1752007DBB0E /* Info.plist */ = {isa = PBXFileReference; lastKnownFileType = text.plist.xml; path = Info.plist; sourceTree = "<group>"; };
		98CE2D0B262B1B87007DBB0E /* RoundedShadowButton.swift */ = {isa = PBXFileReference; lastKnownFileType = sourcecode.swift; path = RoundedShadowButton.swift; sourceTree = "<group>"; };
		98CE2D0F262B24F5007DBB0E /* searchViewController.swift */ = {isa = PBXFileReference; lastKnownFileType = sourcecode.swift; path = searchViewController.swift; sourceTree = "<group>"; };
		98CE2D12262B667F007DBB0E /* scanViewController.swift */ = {isa = PBXFileReference; lastKnownFileType = sourcecode.swift; path = scanViewController.swift; sourceTree = "<group>"; };
		98CE2D17262B6C3D007DBB0E /* Resnet50.mlmodel */ = {isa = PBXFileReference; lastKnownFileType = file.mlmodel; path = Resnet50.mlmodel; sourceTree = "<group>"; };
		98CE2D1D262B786F007DBB0E /* articleCell.swift */ = {isa = PBXFileReference; lastKnownFileType = sourcecode.swift; path = articleCell.swift; sourceTree = "<group>"; };
		D08DB020C53CFC217A2B6D50 /* Pods-senti-lytical.release.xcconfig */ = {isa = PBXFileReference; includeInIndex = 1; lastKnownFileType = text.xcconfig; name = "Pods-senti-lytical.release.xcconfig"; path = "Target Support Files/Pods-senti-lytical/Pods-senti-lytical.release.xcconfig"; sourceTree = "<group>"; };
/* End PBXFileReference section */

/* Begin PBXFrameworksBuildPhase section */
		98CE2CF1262B1751007DBB0E /* Frameworks */ = {
			isa = PBXFrameworksBuildPhase;
			buildActionMask = 2147483647;
			files = (
				98CE2D1A262B6F01007DBB0E /* Pods_senti_lytical.framework in Frameworks */,
			);
			runOnlyForDeploymentPostprocessing = 0;
		};
/* End PBXFrameworksBuildPhase section */

/* Begin PBXGroup section */
		4C037E6A3B970C7B07B05A93 /* Pods */ = {
			isa = PBXGroup;
			children = (
				0DBF5784C8621901784B85E4 /* Pods-senti-lytical.debug.xcconfig */,
				D08DB020C53CFC217A2B6D50 /* Pods-senti-lytical.release.xcconfig */,
			);
			path = Pods;
			sourceTree = "<group>";
		};
		7EBD5567EB2C2F9A77FF4956 /* Frameworks */ = {
			isa = PBXGroup;
			children = (
				5DF939860257ADAA02F5D5DD /* Pods_senti_lytical.framework */,
			);
			name = Frameworks;
			sourceTree = "<group>";
		};
		98CE2CEB262B1751007DBB0E = {
			isa = PBXGroup;
			children = (
				98CE2CF6262B1751007DBB0E /* senti-lytical */,
				98CE2CF5262B1751007DBB0E /* Products */,
				4C037E6A3B970C7B07B05A93 /* Pods */,
				7EBD5567EB2C2F9A77FF4956 /* Frameworks */,
			);
			sourceTree = "<group>";
		};
		98CE2CF5262B1751007DBB0E /* Products */ = {
			isa = PBXGroup;
			children = (
				98CE2CF4262B1751007DBB0E /* senti-lytical.app */,
			);
			name = Products;
			sourceTree = "<group>";
		};
		98CE2CF6262B1751007DBB0E /* senti-lytical */ = {
			isa = PBXGroup;
			children = (
				98CE2CF7262B1751007DBB0E /* AppDelegate.swift */,
				98CE2CF9262B1751007DBB0E /* SceneDelegate.swift */,
				98CE2D11262B29DB007DBB0E /* Controllers */,
				98CE2CFD262B1751007DBB0E /* Main.storyboard */,
				98CE2D14262B68F5007DBB0E /* Models */,
				98CE2D00262B1752007DBB0E /* Assets.xcassets */,
				98CE2D02262B1752007DBB0E /* LaunchScreen.storyboard */,
				98CE2D05262B1752007DBB0E /* Info.plist */,
			);
			path = "senti-lytical";
			sourceTree = "<group>";
		};
		98CE2D11262B29DB007DBB0E /* Controllers */ = {
			isa = PBXGroup;
			children = (
				98CE2CFB262B1751007DBB0E /* ViewController.swift */,
				98CE2D0F262B24F5007DBB0E /* searchViewController.swift */,
				98CE2D12262B667F007DBB0E /* scanViewController.swift */,
			);
			path = Controllers;
			sourceTree = "<group>";
		};
		98CE2D14262B68F5007DBB0E /* Models */ = {
			isa = PBXGroup;
			children = (
				98CE2D17262B6C3D007DBB0E /* Resnet50.mlmodel */,
				98CE2D0B262B1B87007DBB0E /* RoundedShadowButton.swift */,
				98CE2D1D262B786F007DBB0E /* articleCell.swift */,
			);
			path = Models;
			sourceTree = "<group>";
		};
/* End PBXGroup section */

/* Begin PBXNativeTarget section */
		98CE2CF3262B1751007DBB0E /* senti-lytical */ = {
			isa = PBXNativeTarget;
			buildConfigurationList = 98CE2D08262B1752007DBB0E /* Build configuration list for PBXNativeTarget "senti-lytical" */;
			buildPhases = (
				92111D745648A6FC6BA7DBAE /* [CP] Check Pods Manifest.lock */,
				98CE2CF0262B1751007DBB0E /* Sources */,
				98CE2CF1262B1751007DBB0E /* Frameworks */,
				98CE2CF2262B1751007DBB0E /* Resources */,
				9AE0F2C22A6605166D6DB43C /* [CP] Embed Pods Frameworks */,
				98CE2D1C262B6F01007DBB0E /* Embed Frameworks */,
			);
			buildRules = (
			);
			dependencies = (
			);
			name = "senti-lytical";
			productName = "senti-lytical";
			productReference = 98CE2CF4262B1751007DBB0E /* senti-lytical.app */;
			productType = "com.apple.product-type.application";
		};
/* End PBXNativeTarget section */

/* Begin PBXProject section */
		98CE2CEC262B1751007DBB0E /* Project object */ = {
			isa = PBXProject;
			attributes = {
				LastSwiftUpdateCheck = 1130;
				LastUpgradeCheck = 1130;
				ORGANIZATIONNAME = "David Kumar";
				TargetAttributes = {
					98CE2CF3262B1751007DBB0E = {
						CreatedOnToolsVersion = 11.3.1;
					};
				};
			};
			buildConfigurationList = 98CE2CEF262B1751007DBB0E /* Build configuration list for PBXProject "senti-lytical" */;
			compatibilityVersion = "Xcode 9.3";
			developmentRegion = en;
			hasScannedForEncodings = 0;
			knownRegions = (
				en,
				Base,
			);
			mainGroup = 98CE2CEB262B1751007DBB0E;
			productRefGroup = 98CE2CF5262B1751007DBB0E /* Products */;
			projectDirPath = "";
			projectRoot = "";
			targets = (
				98CE2CF3262B1751007DBB0E /* senti-lytical */,
			);
		};
/* End PBXProject section */

/* Begin PBXResourcesBuildPhase section */
		98CE2CF2262B1751007DBB0E /* Resources */ = {
			isa = PBXResourcesBuildPhase;
			buildActionMask = 2147483647;
			files = (
				98CE2D04262B1752007DBB0E /* LaunchScreen.storyboard in Resources */,
				98CE2D01262B1752007DBB0E /* Assets.xcassets in Resources */,
				98CE2CFF262B1751007DBB0E /* Main.storyboard in Resources */,
			);
			runOnlyForDeploymentPostprocessing = 0;
		};
/* End PBXResourcesBuildPhase section */

/* Begin PBXShellScriptBuildPhase section */
		92111D745648A6FC6BA7DBAE /* [CP] Check Pods Manifest.lock */ = {
			isa = PBXShellScriptBuildPhase;
			buildActionMask = 2147483647;
			files = (
			);
			inputFileListPaths = (
			);
			inputPaths = (
				"${PODS_PODFILE_DIR_PATH}/Podfile.lock",
				"${PODS_ROOT}/Manifest.lock",
			);
			name = "[CP] Check Pods Manifest.lock";
			outputFileListPaths = (
			);
			outputPaths = (
				"$(DERIVED_FILE_DIR)/Pods-senti-lytical-checkManifestLockResult.txt",
			);
			runOnlyForDeploymentPostprocessing = 0;
			shellPath = /bin/sh;
			shellScript = "diff \"${PODS_PODFILE_DIR_PATH}/Podfile.lock\" \"${PODS_ROOT}/Manifest.lock\" > /dev/null\nif [ $? != 0 ] ; then\n    # print error to STDERR\n    echo \"error: The sandbox is not in sync with the Podfile.lock. Run 'pod install' or update your CocoaPods installation.\" >&2\n    exit 1\nfi\n# This output is used by Xcode 'outputs' to avoid re-running this script phase.\necho \"SUCCESS\" > \"${SCRIPT_OUTPUT_FILE_0}\"\n";
			showEnvVarsInLog = 0;
		};
		9AE0F2C22A6605166D6DB43C /* [CP] Embed Pods Frameworks */ = {
			isa = PBXShellScriptBuildPhase;
			buildActionMask = 2147483647;
			files = (
			);
			inputFileListPaths = (
				"${PODS_ROOT}/Target Support Files/Pods-senti-lytical/Pods-senti-lytical-frameworks-${CONFIGURATION}-input-files.xcfilelist",
			);
			name = "[CP] Embed Pods Frameworks";
			outputFileListPaths = (
				"${PODS_ROOT}/Target Support Files/Pods-senti-lytical/Pods-senti-lytical-frameworks-${CONFIGURATION}-output-files.xcfilelist",
			);
			runOnlyForDeploymentPostprocessing = 0;
			shellPath = /bin/sh;
			shellScript = "\"${PODS_ROOT}/Target Support Files/Pods-senti-lytical/Pods-senti-lytical-frameworks.sh\"\n";
			showEnvVarsInLog = 0;
		};
/* End PBXShellScriptBuildPhase section */

/* Begin PBXSourcesBuildPhase section */
		98CE2CF0262B1751007DBB0E /* Sources */ = {
			isa = PBXSourcesBuildPhase;
			buildActionMask = 2147483647;
			files = (
				98CE2D1E262B786F007DBB0E /* articleCell.swift in Sources */,
				98CE2D19262B6C75007DBB0E /* Resnet50.mlmodel in Sources */,
				98CE2CFC262B1751007DBB0E /* ViewController.swift in Sources */,
				98CE2D13262B667F007DBB0E /* scanViewController.swift in Sources */,
				98CE2D10262B24F5007DBB0E /* searchViewController.swift in Sources */,
				98CE2CF8262B1751007DBB0E /* AppDelegate.swift in Sources */,
				98CE2CFA262B1751007DBB0E /* SceneDelegate.swift in Sources */,
				98CE2D0C262B1B87007DBB0E /* RoundedShadowButton.swift in Sources */,
			);
			runOnlyForDeploymentPostprocessing = 0;
		};
/* End PBXSourcesBuildPhase section */

/* Begin PBXVariantGroup section */
		98CE2CFD262B1751007DBB0E /* Main.storyboard */ = {
			isa = PBXVariantGroup;
			children = (
				98CE2CFE262B1751007DBB0E /* Base */,
			);
			name = Main.storyboard;
			sourceTree = "<group>";
		};
		98CE2D02262B1752007DBB0E /* LaunchScreen.storyboard */ = {
			isa = PBXVariantGroup;
			children = (
				98CE2D03262B1752007DBB0E /* Base */,
			);
			name = LaunchScreen.storyboard;
			sourceTree = "<group>";
		};
/* End PBXVariantGroup section */

/* Begin XCBuildConfiguration section */
		98CE2D06262B1752007DBB0E /* Debug */ = {
			isa = XCBuildConfiguration;
			buildSettings = {
				ALWAYS_SEARCH_USER_PATHS = NO;
				CLANG_ANALYZER_NONNULL = YES;
				CLANG_ANALYZER_NUMBER_OBJECT_CONVERSION = YES_AGGRESSIVE;
				CLANG_CXX_LANGUAGE_STANDARD = "gnu++14";
				CLANG_CXX_LIBRARY = "libc++";
				CLANG_ENABLE_MODULES = YES;
				CLANG_ENABLE_OBJC_ARC = YES;
				CLANG_ENABLE_OBJC_WEAK = YES;
				CLANG_WARN_BLOCK_CAPTURE_AUTORELEASING = YES;
				CLANG_WARN_BOOL_CONVERSION = YES;
				CLANG_WARN_COMMA = YES;
				CLANG_WARN_CONSTANT_CONVERSION = YES;
				CLANG_WARN_DEPRECATED_OBJC_IMPLEMENTATIONS = YES;
				CLANG_WARN_DIRECT_OBJC_ISA_USAGE = YES_ERROR;
				CLANG_WARN_DOCUMENTATION_COMMENTS = YES;
				CLANG_WARN_EMPTY_BODY = YES;
				CLANG_WARN_ENUM_CONVERSION = YES;
				CLANG_WARN_INFINITE_RECURSION = YES;
				CLANG_WARN_INT_CONVERSION = YES;
				CLANG_WARN_NON_LITERAL_NULL_CONVERSION = YES;
				CLANG_WARN_OBJC_IMPLICIT_RETAIN_SELF = YES;
				CLANG_WARN_OBJC_LITERAL_CONVERSION = YES;
				CLANG_WARN_OBJC_ROOT_CLASS = YES_ERROR;
				CLANG_WARN_RANGE_LOOP_ANALYSIS = YES;
				CLANG_WARN_STRICT_PROTOTYPES = YES;
				CLANG_WARN_SUSPICIOUS_MOVE = YES;
				CLANG_WARN_UNGUARDED_AVAILABILITY = YES_AGGRESSIVE;
				CLANG_WARN_UNREACHABLE_CODE = YES;
				CLANG_WARN__DUPLICATE_METHOD_MATCH = YES;
				COPY_PHASE_STRIP = NO;
				DEBUG_INFORMATION_FORMAT = dwarf;
				ENABLE_STRICT_OBJC_MSGSEND = YES;
				ENABLE_TESTABILITY = YES;
				GCC_C_LANGUAGE_STANDARD = gnu11;
				GCC_DYNAMIC_NO_PIC = NO;
				GCC_NO_COMMON_BLOCKS = YES;
				GCC_OPTIMIZATION_LEVEL = 0;
				GCC_PREPROCESSOR_DEFINITIONS = (
					"DEBUG=1",
					"$(inherited)",
				);
				GCC_WARN_64_TO_32_BIT_CONVERSION = YES;
				GCC_WARN_ABOUT_RETURN_TYPE = YES_ERROR;
				GCC_WARN_UNDECLARED_SELECTOR = YES;
				GCC_WARN_UNINITIALIZED_AUTOS = YES_AGGRESSIVE;
				GCC_WARN_UNUSED_FUNCTION = YES;
				GCC_WARN_UNUSED_VARIABLE = YES;
				IPHONEOS_DEPLOYMENT_TARGET = 13.2;
				MTL_ENABLE_DEBUG_INFO = INCLUDE_SOURCE;
				MTL_FAST_MATH = YES;
				ONLY_ACTIVE_ARCH = YES;
				SDKROOT = iphoneos;
				SWIFT_ACTIVE_COMPILATION_CONDITIONS = DEBUG;
				SWIFT_OPTIMIZATION_LEVEL = "-Onone";
			};
			name = Debug;
		};
		98CE2D07262B1752007DBB0E /* Release */ = {
			isa = XCBuildConfiguration;
			buildSettings = {
				ALWAYS_SEARCH_USER_PATHS = NO;
				CLANG_ANALYZER_NONNULL = YES;
				CLANG_ANALYZER_NUMBER_OBJECT_CONVERSION = YES_AGGRESSIVE;
				CLANG_CXX_LANGUAGE_STANDARD = "gnu++14";
				CLANG_CXX_LIBRARY = "libc++";
				CLANG_ENABLE_MODULES = YES;
				CLANG_ENABLE_OBJC_ARC = YES;
				CLANG_ENABLE_OBJC_WEAK = YES;
				CLANG_WARN_BLOCK_CAPTURE_AUTORELEASING = YES;
				CLANG_WARN_BOOL_CONVERSION = YES;
				CLANG_WARN_COMMA = YES;
				CLANG_WARN_CONSTANT_CONVERSION = YES;
				CLANG_WARN_DEPRECATED_OBJC_IMPLEMENTATIONS = YES;
				CLANG_WARN_DIRECT_OBJC_ISA_USAGE = YES_ERROR;
				CLANG_WARN_DOCUMENTATION_COMMENTS = YES;
				CLANG_WARN_EMPTY_BODY = YES;
				CLANG_WARN_ENUM_CONVERSION = YES;
				CLANG_WARN_INFINITE_RECURSION = YES;
				CLANG_WARN_INT_CONVERSION = YES;
				CLANG_WARN_NON_LITERAL_NULL_CONVERSION = YES;
				CLANG_WARN_OBJC_IMPLICIT_RETAIN_SELF = YES;
				CLANG_WARN_OBJC_LITERAL_CONVERSION = YES;
				CLANG_WARN_OBJC_ROOT_CLASS = YES_ERROR;
				CLANG_WARN_RANGE_LOOP_ANALYSIS = YES;
				CLANG_WARN_STRICT_PROTOTYPES = YES;
				CLANG_WARN_SUSPICIOUS_MOVE = YES;
				CLANG_WARN_UNGUARDED_AVAILABILITY = YES_AGGRESSIVE;
				CLANG_WARN_UNREACHABLE_CODE = YES;
				CLANG_WARN__DUPLICATE_METHOD_MATCH = YES;
				COPY_PHASE_STRIP = NO;
				DEBUG_INFORMATION_FORMAT = "dwarf-with-dsym";
				ENABLE_NS_ASSERTIONS = NO;
				ENABLE_STRICT_OBJC_MSGSEND = YES;
				GCC_C_LANGUAGE_STANDARD = gnu11;
				GCC_NO_COMMON_BLOCKS = YES;
				GCC_WARN_64_TO_32_BIT_CONVERSION = YES;
				GCC_WARN_ABOUT_RETURN_TYPE = YES_ERROR;
				GCC_WARN_UNDECLARED_SELECTOR = YES;
				GCC_WARN_UNINITIALIZED_AUTOS = YES_AGGRESSIVE;
				GCC_WARN_UNUSED_FUNCTION = YES;
				GCC_WARN_UNUSED_VARIABLE = YES;
				IPHONEOS_DEPLOYMENT_TARGET = 13.2;
				MTL_ENABLE_DEBUG_INFO = NO;
				MTL_FAST_MATH = YES;
				SDKROOT = iphoneos;
				SWIFT_COMPILATION_MODE = wholemodule;
				SWIFT_OPTIMIZATION_LEVEL = "-O";
				VALIDATE_PRODUCT = YES;
			};
			name = Release;
		};
		98CE2D09262B1752007DBB0E /* Debug */ = {
			isa = XCBuildConfiguration;
			baseConfigurationReference = 0DBF5784C8621901784B85E4 /* Pods-senti-lytical.debug.xcconfig */;
			buildSettings = {
				ASSETCATALOG_COMPILER_APPICON_NAME = AppIcon;
				CODE_SIGN_STYLE = Automatic;
				DEVELOPMENT_TEAM = 776S2HXKTP;
				INFOPLIST_FILE = "senti-lytical/Info.plist";
				LD_RUNPATH_SEARCH_PATHS = (
					"$(inherited)",
					"@executable_path/Frameworks",
				);
				PRODUCT_BUNDLE_IDENTIFIER = "david-kumar.senti-lytical";
				PRODUCT_NAME = "$(TARGET_NAME)";
				SWIFT_VERSION = 5.0;
				TARGETED_DEVICE_FAMILY = 1;
			};
			name = Debug;
		};
		98CE2D0A262B1752007DBB0E /* Release */ = {
			isa = XCBuildConfiguration;
			baseConfigurationReference = D08DB020C53CFC217A2B6D50 /* Pods-senti-lytical.release.xcconfig */;
			buildSettings = {
				ASSETCATALOG_COMPILER_APPICON_NAME = AppIcon;
				CODE_SIGN_STYLE = Automatic;
				DEVELOPMENT_TEAM = 776S2HXKTP;
				INFOPLIST_FILE = "senti-lytical/Info.plist";
				LD_RUNPATH_SEARCH_PATHS = (
					"$(inherited)",
					"@executable_path/Frameworks",
				);
				PRODUCT_BUNDLE_IDENTIFIER = "david-kumar.senti-lytical";
				PRODUCT_NAME = "$(TARGET_NAME)";
				SWIFT_VERSION = 5.0;
				TARGETED_DEVICE_FAMILY = 1;
			};
			name = Release;
		};
/* End XCBuildConfiguration section */

/* Begin XCConfigurationList section */
		98CE2CEF262B1751007DBB0E /* Build configuration list for PBXProject "senti-lytical" */ = {
			isa = XCConfigurationList;
			buildConfigurations = (
				98CE2D06262B1752007DBB0E /* Debug */,
				98CE2D07262B1752007DBB0E /* Release */,
			);
			defaultConfigurationIsVisible = 0;
			defaultConfigurationName = Release;
		};
		98CE2D08262B1752007DBB0E /* Build configuration list for PBXNativeTarget "senti-lytical" */ = {
			isa = XCConfigurationList;
			buildConfigurations = (
				98CE2D09262B1752007DBB0E /* Debug */,
				98CE2D0A262B1752007DBB0E /* Release */,
			);
			defaultConfigurationIsVisible = 0;
			defaultConfigurationName = Release;
		};
/* End XCConfigurationList section */
	};
	rootObject = 98CE2CEC262B1751007DBB0E /* Project object */;
}
